
Microsoft Visual Studio Solution File, Format Version 12.00
# Visual Studio Version 17
VisualStudioVersion = 17.10.34928.147
MinimumVisualStudioVersion = 10.0.40219.1
Project("{2150E333-8FDC-42A3-9474-1A3956D46DE8}") = "src", "src", "{C07770B2-8CFE-4ADA-914D-402A81EB23C7}"
EndProject
Project("{2150E333-8FDC-42A3-9474-1A3956D46DE8}") = "test", "test", "{84A9C1D1-CDCE-4130-BC8C-9F0EB46F2032}"
EndProject
Project("{2150E333-8FDC-42A3-9474-1A3956D46DE8}") = "UI", "UI", "{81AFE6CB-E3B0-48A2-90C2-7FC84FDD5885}"
EndProject
Project("{2150E333-8FDC-42A3-9474-1A3956D46DE8}") = "Core", "Core", "{87EE0D51-5F16-4297-97F5-86DDBCA094FE}"
EndProject
Project("{2150E333-8FDC-42A3-9474-1A3956D46DE8}") = "Infrastructure", "Infrastructure", "{8A747CBF-F043-4039-ABDE-E0835570BBD7}"
EndProject
Project("{2150E333-8FDC-42A3-9474-1A3956D46DE8}") = "API", "API", "{614E02E8-B0D7-4092-B872-A1E2785BC944}"
EndProject
Project("{9A19103F-16F7-4668-BE54-9A1E7A4F7556}") = "HR.LeaveManagement.Domain", "HR.LeaveManagement.Domain\HR.LeaveManagement.Domain.csproj", "{212246C0-828F-44E3-B4CB-03D2934B02F5}"
EndProject
Project("{9A19103F-16F7-4668-BE54-9A1E7A4F7556}") = "HR.LeaveManagement.Application", "HR.LeaveManagement.Application\HR.LeaveManagement.Application.csproj", "{C582FC16-8649-4FB6-9367-08C6DAF6772E}"
EndProject
Project("{9A19103F-16F7-4668-BE54-9A1E7A4F7556}") = "HR.LeaveManagement.Persistence", "HR.LeaveManagement.Persistence\HR.LeaveManagement.Persistence.csproj", "{034B8D07-3D90-4306-B375-DFE9AC1BD2AA}"
EndProject
Project("{9A19103F-16F7-4668-BE54-9A1E7A4F7556}") = "HR.LeaveManagement.Infrastructure", "HR.LeaveManagement.Infrastructure\HR.LeaveManagement.Infrastructure.csproj", "{F71CBFA1-3BFA-43CE-9D00-A4712A97CAA8}"
EndProject
Project("{9A19103F-16F7-4668-BE54-9A1E7A4F7556}") = "HR.LeaveManagement.Api", "HR.LeaveManagement.Api\HR.LeaveManagement.Api.csproj", "{704395F5-B2EF-4D55-946F-3DDAE77D5A22}"
EndProject
Project("{9A19103F-16F7-4668-BE54-9A1E7A4F7556}") = "HR.LeaveManagement.Application.UnitTests", "HR.LeaveManagement.Application.UnitTests\HR.LeaveManagement.Application.UnitTests.csproj", "{74576BA8-5E7A-4D9F-AD2C-8BC86385582B}"
EndProject
Project("{9A19103F-16F7-4668-BE54-9A1E7A4F7556}") = "HR.LeaveManagement.Persistence.IntergrationTests", "HR.LeaveManagement.Persistence.IntergrationTests\HR.LeaveManagement.Persistence.IntergrationTests.csproj", "{739F874B-55C0-4133-8BA7-9CBF9076C960}"
EndProject
Project("{9A19103F-16F7-4668-BE54-9A1E7A4F7556}") = "HR.LeaveManagement.BlazorUI", "HR.LeaveManagement.BlazorUI\HR.LeaveManagement.BlazorUI.csproj", "{E888DBC9-0F9B-4F41-B5D5-46E4C81419A9}"
EndProject
Project("{FAE04EC0-301F-11D3-BF4B-00C04F79EFBC}") = "HR.LeaveManagement.Identity", "HR.LeaveManagement.Identity\HR.LeaveManagement.Identity.csproj", "{A2CF2DE8-7F73-4397-A61C-6C15D0C60853}"
EndProject
Global
	GlobalSection(SolutionConfigurationPlatforms) = preSolution
		Debug|Any CPU = Debug|Any CPU
		Release|Any CPU = Release|Any CPU
	EndGlobalSection
	GlobalSection(ProjectConfigurationPlatforms) = postSolution
		{212246C0-828F-44E3-B4CB-03D2934B02F5}.Debug|Any CPU.ActiveCfg = Debug|Any CPU
		{212246C0-828F-44E3-B4CB-03D2934B02F5}.Debug|Any CPU.Build.0 = Debug|Any CPU
		{212246C0-828F-44E3-B4CB-03D2934B02F5}.Release|Any CPU.ActiveCfg = Release|Any CPU
		{212246C0-828F-44E3-B4CB-03D2934B02F5}.Release|Any CPU.Build.0 = Release|Any CPU
		{C582FC16-8649-4FB6-9367-08C6DAF6772E}.Debug|Any CPU.ActiveCfg = Debug|Any CPU
		{C582FC16-8649-4FB6-9367-08C6DAF6772E}.Debug|Any CPU.Build.0 = Debug|Any CPU
		{C582FC16-8649-4FB6-9367-08C6DAF6772E}.Release|Any CPU.ActiveCfg = Release|Any CPU
		{C582FC16-8649-4FB6-9367-08C6DAF6772E}.Release|Any CPU.Build.0 = Release|Any CPU
		{034B8D07-3D90-4306-B375-DFE9AC1BD2AA}.Debug|Any CPU.ActiveCfg = Debug|Any CPU
		{034B8D07-3D90-4306-B375-DFE9AC1BD2AA}.Debug|Any CPU.Build.0 = Debug|Any CPU
		{034B8D07-3D90-4306-B375-DFE9AC1BD2AA}.Release|Any CPU.ActiveCfg = Release|Any CPU
		{034B8D07-3D90-4306-B375-DFE9AC1BD2AA}.Release|Any CPU.Build.0 = Release|Any CPU
		{F71CBFA1-3BFA-43CE-9D00-A4712A97CAA8}.Debug|Any CPU.ActiveCfg = Debug|Any CPU
		{F71CBFA1-3BFA-43CE-9D00-A4712A97CAA8}.Debug|Any CPU.Build.0 = Debug|Any CPU
		{F71CBFA1-3BFA-43CE-9D00-A4712A97CAA8}.Release|Any CPU.ActiveCfg = Release|Any CPU
		{F71CBFA1-3BFA-43CE-9D00-A4712A97CAA8}.Release|Any CPU.Build.0 = Release|Any CPU
		{704395F5-B2EF-4D55-946F-3DDAE77D5A22}.Debug|Any CPU.ActiveCfg = Debug|Any CPU
		{704395F5-B2EF-4D55-946F-3DDAE77D5A22}.Debug|Any CPU.Build.0 = Debug|Any CPU
		{704395F5-B2EF-4D55-946F-3DDAE77D5A22}.Release|Any CPU.ActiveCfg = Release|Any CPU
		{704395F5-B2EF-4D55-946F-3DDAE77D5A22}.Release|Any CPU.Build.0 = Release|Any CPU
		{74576BA8-5E7A-4D9F-AD2C-8BC86385582B}.Debug|Any CPU.ActiveCfg = Debug|Any CPU
		{74576BA8-5E7A-4D9F-AD2C-8BC86385582B}.Debug|Any CPU.Build.0 = Debug|Any CPU
		{74576BA8-5E7A-4D9F-AD2C-8BC86385582B}.Release|Any CPU.ActiveCfg = Release|Any CPU
		{74576BA8-5E7A-4D9F-AD2C-8BC86385582B}.Release|Any CPU.Build.0 = Release|Any CPU
		{739F874B-55C0-4133-8BA7-9CBF9076C960}.Debug|Any CPU.ActiveCfg = Debug|Any CPU
		{739F874B-55C0-4133-8BA7-9CBF9076C960}.Debug|Any CPU.Build.0 = Debug|Any CPU
		{739F874B-55C0-4133-8BA7-9CBF9076C960}.Release|Any CPU.ActiveCfg = Release|Any CPU
		{739F874B-55C0-4133-8BA7-9CBF9076C960}.Release|Any CPU.Build.0 = Release|Any CPU
		{E888DBC9-0F9B-4F41-B5D5-46E4C81419A9}.Debug|Any CPU.ActiveCfg = Debug|Any CPU
		{E888DBC9-0F9B-4F41-B5D5-46E4C81419A9}.Debug|Any CPU.Build.0 = Debug|Any CPU
		{E888DBC9-0F9B-4F41-B5D5-46E4C81419A9}.Release|Any CPU.ActiveCfg = Release|Any CPU
		{E888DBC9-0F9B-4F41-B5D5-46E4C81419A9}.Release|Any CPU.Build.0 = Release|Any CPU
		{A2CF2DE8-7F73-4397-A61C-6C15D0C60853}.Debug|Any CPU.ActiveCfg = Debug|Any CPU
		{A2CF2DE8-7F73-4397-A61C-6C15D0C60853}.Debug|Any CPU.Build.0 = Debug|Any CPU
		{A2CF2DE8-7F73-4397-A61C-6C15D0C60853}.Release|Any CPU.ActiveCfg = Release|Any CPU
		{A2CF2DE8-7F73-4397-A61C-6C15D0C60853}.Release|Any CPU.Build.0 = Release|Any CPU
	EndGlobalSection
	GlobalSection(SolutionProperties) = preSolution
		HideSolutionNode = FALSE
	EndGlobalSection
	GlobalSection(NestedProjects) = preSolution
		{81AFE6CB-E3B0-48A2-90C2-7FC84FDD5885} = {C07770B2-8CFE-4ADA-914D-402A81EB23C7}
		{87EE0D51-5F16-4297-97F5-86DDBCA094FE} = {C07770B2-8CFE-4ADA-914D-402A81EB23C7}
		{8A747CBF-F043-4039-ABDE-E0835570BBD7} = {C07770B2-8CFE-4ADA-914D-402A81EB23C7}
		{614E02E8-B0D7-4092-B872-A1E2785BC944} = {C07770B2-8CFE-4ADA-914D-402A81EB23C7}
		{212246C0-828F-44E3-B4CB-03D2934B02F5} = {87EE0D51-5F16-4297-97F5-86DDBCA094FE}
		{C582FC16-8649-4FB6-9367-08C6DAF6772E} = {87EE0D51-5F16-4297-97F5-86DDBCA094FE}
		{034B8D07-3D90-4306-B375-DFE9AC1BD2AA} = {8A747CBF-F043-4039-ABDE-E0835570BBD7}
		{F71CBFA1-3BFA-43CE-9D00-A4712A97CAA8} = {8A747CBF-F043-4039-ABDE-E0835570BBD7}
		{704395F5-B2EF-4D55-946F-3DDAE77D5A22} = {614E02E8-B0D7-4092-B872-A1E2785BC944}
		{74576BA8-5E7A-4D9F-AD2C-8BC86385582B} = {84A9C1D1-CDCE-4130-BC8C-9F0EB46F2032}
		{739F874B-55C0-4133-8BA7-9CBF9076C960} = {84A9C1D1-CDCE-4130-BC8C-9F0EB46F2032}
		{E888DBC9-0F9B-4F41-B5D5-46E4C81419A9} = {81AFE6CB-E3B0-48A2-90C2-7FC84FDD5885}
		{A2CF2DE8-7F73-4397-A61C-6C15D0C60853} = {8A747CBF-F043-4039-ABDE-E0835570BBD7}
	EndGlobalSection
	GlobalSection(ExtensibilityGlobals) = postSolution
		SolutionGuid = {02330036-2F7D-4BDC-95F3-AB12C351B7A8}
	EndGlobalSection
EndGlobal
